<Solution>
  <Folder Name="/SolutionFiles/">
    <File Path=".gitignore" />
    <File Path="README.md" />
  </Folder>
  <Folder Name="/SolutionFiles/Workflows/">
    <File Path=".github/workflows/dev.yml" />
    <File Path=".github/workflows/live.yml" />
    <File Path=".github/workflows/stage.yml" />
  </Folder>
  <Project Path="SiteEngine/SiteEngine.csproj" Id="456872e5-2bb0-4e4d-bc42-56bbc3d6769d" />
  <Project Path="WebApp/WebApp.csproj" />
  <Project Path="Tests/VbptaWeb.Tests/VbptaWeb.Tests.csproj" />
</Solution>
